
Microsoft Visual Studio Solution File, Format Version 12.00
# Visual Studio Version 17
VisualStudioVersion = 17.0.32112.339
MinimumVisualStudioVersion = 10.0.40219.1
Project("{9A19103F-16F7-4668-BE54-9A1E7A4F7556}") = "MultisequenceProgramming", "MultisequenceProgramming\MultisequenceProgramming.csproj", "{44767D48-B9DA-4080-8A95-908585B92F81}"
EndProject
Project("{9A19103F-16F7-4668-BE54-9A1E7A4F7556}") = "NeoCortexApi", "..\..\..\NeocortexApi\source\NeoCortexApi\NeoCortexApi.csproj", "{937B8373-F63F-4557-BAF9-C45E78F6B64A}"
EndProject
Project("{9A19103F-16F7-4668-BE54-9A1E7A4F7556}") = "NeoCortexArrayLib", "..\..\..\NeocortexApi\source\NeoCortexArrayLib\NeoCortexArrayLib.csproj", "{D9C5F774-D47F-4D5F-B5AC-4BB8D5F57400}"
EndProject
Project("{9A19103F-16F7-4668-BE54-9A1E7A4F7556}") = "NeoCortexEntities", "..\..\..\NeocortexApi\source\NeoCortexEntities\NeoCortexEntities.csproj", "{789F8529-A228-4586-BF7A-F68A9571B5C0}"
EndProject
Project("{9A19103F-16F7-4668-BE54-9A1E7A4F7556}") = "NeoCortexApi.Parallel", "..\..\..\NeocortexApi\source\NeoCortexApi.Parallel\NeoCortexApi.Parallel.csproj", "{8283FCCE-6CF5-4E44-A672-EF5F87440698}"
EndProject
Global
	GlobalSection(SolutionConfigurationPlatforms) = preSolution
		Debug|Any CPU = Debug|Any CPU
		Release|Any CPU = Release|Any CPU
	EndGlobalSection
	GlobalSection(ProjectConfigurationPlatforms) = postSolution
		{44767D48-B9DA-4080-8A95-908585B92F81}.Debug|Any CPU.ActiveCfg = Debug|Any CPU
		{44767D48-B9DA-4080-8A95-908585B92F81}.Debug|Any CPU.Build.0 = Debug|Any CPU
		{44767D48-B9DA-4080-8A95-908585B92F81}.Release|Any CPU.ActiveCfg = Release|Any CPU
		{44767D48-B9DA-4080-8A95-908585B92F81}.Release|Any CPU.Build.0 = Release|Any CPU
		{937B8373-F63F-4557-BAF9-C45E78F6B64A}.Debug|Any CPU.ActiveCfg = Debug|Any CPU
		{937B8373-F63F-4557-BAF9-C45E78F6B64A}.Debug|Any CPU.Build.0 = Debug|Any CPU
		{937B8373-F63F-4557-BAF9-C45E78F6B64A}.Release|Any CPU.ActiveCfg = Release|Any CPU
		{937B8373-F63F-4557-BAF9-C45E78F6B64A}.Release|Any CPU.Build.0 = Release|Any CPU
		{D9C5F774-D47F-4D5F-B5AC-4BB8D5F57400}.Debug|Any CPU.ActiveCfg = Debug|Any CPU
		{D9C5F774-D47F-4D5F-B5AC-4BB8D5F57400}.Debug|Any CPU.Build.0 = Debug|Any CPU
		{D9C5F774-D47F-4D5F-B5AC-4BB8D5F57400}.Release|Any CPU.ActiveCfg = Release|Any CPU
		{D9C5F774-D47F-4D5F-B5AC-4BB8D5F57400}.Release|Any CPU.Build.0 = Release|Any CPU
		{789F8529-A228-4586-BF7A-F68A9571B5C0}.Debug|Any CPU.ActiveCfg = Debug|Any CPU
		{789F8529-A228-4586-BF7A-F68A9571B5C0}.Debug|Any CPU.Build.0 = Debug|Any CPU
		{789F8529-A228-4586-BF7A-F68A9571B5C0}.Release|Any CPU.ActiveCfg = Release|Any CPU
		{789F8529-A228-4586-BF7A-F68A9571B5C0}.Release|Any CPU.Build.0 = Release|Any CPU
		{8283FCCE-6CF5-4E44-A672-EF5F87440698}.Debug|Any CPU.ActiveCfg = Debug|Any CPU
		{8283FCCE-6CF5-4E44-A672-EF5F87440698}.Debug|Any CPU.Build.0 = Debug|Any CPU
		{8283FCCE-6CF5-4E44-A672-EF5F87440698}.Release|Any CPU.ActiveCfg = Release|Any CPU
		{8283FCCE-6CF5-4E44-A672-EF5F87440698}.Release|Any CPU.Build.0 = Release|Any CPU
	EndGlobalSection
	GlobalSection(SolutionProperties) = preSolution
		HideSolutionNode = FALSE
	EndGlobalSection
	GlobalSection(ExtensibilityGlobals) = postSolution
		SolutionGuid = {914CB7D2-6002-4367-A3C3-76108284BDDB}
	EndGlobalSection
EndGlobal
